<Solution>
  <Folder Name="/src/">
    <Project Path="src/MutluGsmServer.Application/MutluGsmServer.Application.csproj" />
    <Project Path="src/MutluGsmServer.Domain/MutluGsmServer.Domain.csproj" />
    <Project Path="src/MutluGsmServer.Infrastructure/MutluGsmServer.Infrastructure.csproj" />
    <Project Path="src/MutluGsmServer.WebAPI/MutluGsmServer.WebAPI.csproj" />
  </Folder>
  <Folder Name="/tests/" />
</Solution>
